
Microsoft Visual Studio Solution File, Format Version 12.00
# Visual Studio Version 17
VisualStudioVersion = 17.0.31903.59
MinimumVisualStudioVersion = 10.0.40219.1
Project("{FAE04EC0-301F-11D3-BF4B-00C04F79EFBC}") = "IntroLibrary", "IntroLibrary\IntroLibrary.csproj", "{AA30C83E-EE6C-47CE-B234-838036BCBF73}"
EndProject
Project("{FAE04EC0-301F-11D3-BF4B-00C04F79EFBC}") = "IntroUI", "IntroUI\IntroUI.csproj", "{52B602DB-2622-4479-8D9D-CAF06ADBD058}"
EndProject
Global
	GlobalSection(SolutionConfigurationPlatforms) = preSolution
		Debug|Any CPU = Debug|Any CPU
		Release|Any CPU = Release|Any CPU
	EndGlobalSection
	GlobalSection(SolutionProperties) = preSolution
		HideSolutionNode = FALSE
	EndGlobalSection
	GlobalSection(ProjectConfigurationPlatforms) = postSolution
		{AA30C83E-EE6C-47CE-B234-838036BCBF73}.Debug|Any CPU.ActiveCfg = Debug|Any CPU
		{AA30C83E-EE6C-47CE-B234-838036BCBF73}.Debug|Any CPU.Build.0 = Debug|Any CPU
		{AA30C83E-EE6C-47CE-B234-838036BCBF73}.Release|Any CPU.ActiveCfg = Release|Any CPU
		{AA30C83E-EE6C-47CE-B234-838036BCBF73}.Release|Any CPU.Build.0 = Release|Any CPU
		{52B602DB-2622-4479-8D9D-CAF06ADBD058}.Debug|Any CPU.ActiveCfg = Debug|Any CPU
		{52B602DB-2622-4479-8D9D-CAF06ADBD058}.Debug|Any CPU.Build.0 = Debug|Any CPU
		{52B602DB-2622-4479-8D9D-CAF06ADBD058}.Release|Any CPU.ActiveCfg = Release|Any CPU
		{52B602DB-2622-4479-8D9D-CAF06ADBD058}.Release|Any CPU.Build.0 = Release|Any CPU
	EndGlobalSection
EndGlobal
